
Microsoft Visual Studio Solution File, Format Version 12.00
# Visual Studio Version 17
VisualStudioVersion = 17.7.34024.191
MinimumVisualStudioVersion = 10.0.40219.1
Project("{FAE04EC0-301F-11D3-BF4B-00C04F79EFBC}") = "EncontrarElementoDePico.App", "EncontrarElementoDePico.App.csproj", "{BED266FC-DCBC-45D2-8DD9-22BFC15CBC27}"
EndProject
Global
	GlobalSection(SolutionConfigurationPlatforms) = preSolution
		Debug|Any CPU = Debug|Any CPU
		Release|Any CPU = Release|Any CPU
	EndGlobalSection
	GlobalSection(ProjectConfigurationPlatforms) = postSolution
		{BED266FC-DCBC-45D2-8DD9-22BFC15CBC27}.Debug|Any CPU.ActiveCfg = Debug|Any CPU
		{BED266FC-DCBC-45D2-8DD9-22BFC15CBC27}.Debug|Any CPU.Build.0 = Debug|Any CPU
		{BED266FC-DCBC-45D2-8DD9-22BFC15CBC27}.Release|Any CPU.ActiveCfg = Release|Any CPU
		{BED266FC-DCBC-45D2-8DD9-22BFC15CBC27}.Release|Any CPU.Build.0 = Release|Any CPU
	EndGlobalSection
	GlobalSection(SolutionProperties) = preSolution
		HideSolutionNode = FALSE
	EndGlobalSection
	GlobalSection(ExtensibilityGlobals) = postSolution
		SolutionGuid = {7D6566F6-A766-4F25-AFF1-F8E45A9C77AA}
	EndGlobalSection
EndGlobal
